
Microsoft Visual Studio Solution File, Format Version 12.00
# Visual Studio Version 17
VisualStudioVersion = 17.1.32328.378
MinimumVisualStudioVersion = 10.0.40219.1
Project("{888888A0-9F3D-457C-B088-3A5042F75D52}") = "kursach", "kursach.pyproj", "{23E66260-4C70-4C65-8EEC-CE0A15B0CE11}"
EndProject
Global
	GlobalSection(SolutionConfigurationPlatforms) = preSolution
		Debug|Any CPU = Debug|Any CPU
		Release|Any CPU = Release|Any CPU
	EndGlobalSection
	GlobalSection(ProjectConfigurationPlatforms) = postSolution
		{23E66260-4C70-4C65-8EEC-CE0A15B0CE11}.Debug|Any CPU.ActiveCfg = Debug|Any CPU
		{23E66260-4C70-4C65-8EEC-CE0A15B0CE11}.Release|Any CPU.ActiveCfg = Release|Any CPU
	EndGlobalSection
	GlobalSection(SolutionProperties) = preSolution
		HideSolutionNode = FALSE
	EndGlobalSection
	GlobalSection(ExtensibilityGlobals) = postSolution
		SolutionGuid = {96B167BB-3822-4C9D-93E1-9728EB66FEA1}
	EndGlobalSection
EndGlobal
